
Microsoft Visual Studio Solution File, Format Version 12.00
# Visual Studio Version 17
VisualStudioVersion = 17.14.36408.4
MinimumVisualStudioVersion = 10.0.40219.1
Project("{2150E333-8FDC-42A3-9474-1A3956D46DE8}") = "section5-llms", "section5-llms", "{02EA681E-C7D8-13C7-8484-4AC65E1B71E8}"
EndProject
Project("{FAE04EC0-301F-11D3-BF4B-00C04F79EFBC}") = "TextCompletion", "section5-llms\TextCompletion\TextCompletion.csproj", "{945F127F-8832-4819-9FB6-489504D4EAC6}"
EndProject
Project("{FAE04EC0-301F-11D3-BF4B-00C04F79EFBC}") = "TextCompletion_Ollama", "TextCompletion_Ollama\TextCompletion_Ollama.csproj", "{505DC9D9-62E0-489C-8851-57F2081733A7}"
EndProject
Project("{FAE04EC0-301F-11D3-BF4B-00C04F79EFBC}") = "FunctionCall", "FunctionCall\FunctionCall.csproj", "{BE0B2FFB-1113-465D-B11C-0592711AA3B7}"
EndProject
Project("{2150E333-8FDC-42A3-9474-1A3956D46DE8}") = "section6-vectors", "section6-vectors", "{F411015A-3078-466E-9EFF-8B328457964F}"
EndProject
Project("{FAE04EC0-301F-11D3-BF4B-00C04F79EFBC}") = "Embeddings", "section6-vectors\Embeddings\Embeddings.csproj", "{B321167B-1099-4810-A07A-1EEA4406B72B}"
EndProject
Project("{FAE04EC0-301F-11D3-BF4B-00C04F79EFBC}") = "VectorSearch", "section6-vectors\VectorSearch\VectorSearch.csproj", "{3C523D0A-C152-481C-93FC-34A41536C9FF}"
EndProject
Project("{FAE04EC0-301F-11D3-BF4B-00C04F79EFBC}") = "VectorSearch_Ollama", "section6-vectors\VectorSearch_Ollama\VectorSearch_Ollama.csproj", "{DDD3CFEF-71FD-4F23-B750-455F17E80091}"
EndProject
Project("{2150E333-8FDC-42A3-9474-1A3956D46DE8}") = "section7_RAG", "section7_RAG", "{622575E0-5823-4035-8DC5-DCE643650892}"
EndProject
Project("{FAE04EC0-301F-11D3-BF4B-00C04F79EFBC}") = "ChatApp_RAG", "section7-rag\ChatApp_RAG\ChatApp_RAG.csproj", "{7E009198-91B3-904B-5C23-C3B3DFFA6374}"
EndProject
Project("{FAE04EC0-301F-11D3-BF4B-00C04F79EFBC}") = "ChatApp_RAG_Ollama", "section7-rag\ChatApp_RAG_Ollama\ChatApp_RAG_Ollama.csproj", "{AF362186-36A6-BD9D-FE6D-3C2070D212EF}"
EndProject
Project("{FAE04EC0-301F-11D3-BF4B-00C04F79EFBC}") = "ChatApp_RAG_Qdarnt.AppHost", "section7-rag\ChatApp_RAG_Qdarnt\ChatApp_RAG_Qdarnt.AppHost\ChatApp_RAG_Qdarnt.AppHost.csproj", "{1D7A338E-6535-0F87-E6BD-18D02D70155B}"
EndProject
Project("{FAE04EC0-301F-11D3-BF4B-00C04F79EFBC}") = "ChatApp_RAG_Qdarnt.ServiceDefaults", "section7-rag\ChatApp_RAG_Qdarnt\ChatApp_RAG_Qdarnt.ServiceDefaults\ChatApp_RAG_Qdarnt.ServiceDefaults.csproj", "{1ECEB1F9-D8D8-C6E3-4CBC-6F0F0CFC83A4}"
EndProject
Project("{FAE04EC0-301F-11D3-BF4B-00C04F79EFBC}") = "ChatApp_RAG_Qdarnt.Web", "section7-rag\ChatApp_RAG_Qdarnt\ChatApp_RAG_Qdarnt.Web\ChatApp_RAG_Qdarnt.Web.csproj", "{74E91F14-6571-0173-FC36-6698954EE3F4}"
EndProject
Global
	GlobalSection(SolutionConfigurationPlatforms) = preSolution
		Debug|Any CPU = Debug|Any CPU
		Release|Any CPU = Release|Any CPU
	EndGlobalSection
	GlobalSection(ProjectConfigurationPlatforms) = postSolution
		{945F127F-8832-4819-9FB6-489504D4EAC6}.Debug|Any CPU.ActiveCfg = Debug|Any CPU
		{945F127F-8832-4819-9FB6-489504D4EAC6}.Debug|Any CPU.Build.0 = Debug|Any CPU
		{945F127F-8832-4819-9FB6-489504D4EAC6}.Release|Any CPU.ActiveCfg = Release|Any CPU
		{945F127F-8832-4819-9FB6-489504D4EAC6}.Release|Any CPU.Build.0 = Release|Any CPU
		{505DC9D9-62E0-489C-8851-57F2081733A7}.Debug|Any CPU.ActiveCfg = Debug|Any CPU
		{505DC9D9-62E0-489C-8851-57F2081733A7}.Debug|Any CPU.Build.0 = Debug|Any CPU
		{505DC9D9-62E0-489C-8851-57F2081733A7}.Release|Any CPU.ActiveCfg = Release|Any CPU
		{505DC9D9-62E0-489C-8851-57F2081733A7}.Release|Any CPU.Build.0 = Release|Any CPU
		{BE0B2FFB-1113-465D-B11C-0592711AA3B7}.Debug|Any CPU.ActiveCfg = Debug|Any CPU
		{BE0B2FFB-1113-465D-B11C-0592711AA3B7}.Debug|Any CPU.Build.0 = Debug|Any CPU
		{BE0B2FFB-1113-465D-B11C-0592711AA3B7}.Release|Any CPU.ActiveCfg = Release|Any CPU
		{BE0B2FFB-1113-465D-B11C-0592711AA3B7}.Release|Any CPU.Build.0 = Release|Any CPU
		{B321167B-1099-4810-A07A-1EEA4406B72B}.Debug|Any CPU.ActiveCfg = Debug|Any CPU
		{B321167B-1099-4810-A07A-1EEA4406B72B}.Debug|Any CPU.Build.0 = Debug|Any CPU
		{B321167B-1099-4810-A07A-1EEA4406B72B}.Release|Any CPU.ActiveCfg = Release|Any CPU
		{B321167B-1099-4810-A07A-1EEA4406B72B}.Release|Any CPU.Build.0 = Release|Any CPU
		{3C523D0A-C152-481C-93FC-34A41536C9FF}.Debug|Any CPU.ActiveCfg = Debug|Any CPU
		{3C523D0A-C152-481C-93FC-34A41536C9FF}.Debug|Any CPU.Build.0 = Debug|Any CPU
		{3C523D0A-C152-481C-93FC-34A41536C9FF}.Release|Any CPU.ActiveCfg = Release|Any CPU
		{3C523D0A-C152-481C-93FC-34A41536C9FF}.Release|Any CPU.Build.0 = Release|Any CPU
		{DDD3CFEF-71FD-4F23-B750-455F17E80091}.Debug|Any CPU.ActiveCfg = Debug|Any CPU
		{DDD3CFEF-71FD-4F23-B750-455F17E80091}.Debug|Any CPU.Build.0 = Debug|Any CPU
		{DDD3CFEF-71FD-4F23-B750-455F17E80091}.Release|Any CPU.ActiveCfg = Release|Any CPU
		{DDD3CFEF-71FD-4F23-B750-455F17E80091}.Release|Any CPU.Build.0 = Release|Any CPU
		{7E009198-91B3-904B-5C23-C3B3DFFA6374}.Debug|Any CPU.ActiveCfg = Debug|Any CPU
		{7E009198-91B3-904B-5C23-C3B3DFFA6374}.Debug|Any CPU.Build.0 = Debug|Any CPU
		{7E009198-91B3-904B-5C23-C3B3DFFA6374}.Release|Any CPU.ActiveCfg = Release|Any CPU
		{7E009198-91B3-904B-5C23-C3B3DFFA6374}.Release|Any CPU.Build.0 = Release|Any CPU
		{AF362186-36A6-BD9D-FE6D-3C2070D212EF}.Debug|Any CPU.ActiveCfg = Debug|Any CPU
		{AF362186-36A6-BD9D-FE6D-3C2070D212EF}.Debug|Any CPU.Build.0 = Debug|Any CPU
		{AF362186-36A6-BD9D-FE6D-3C2070D212EF}.Release|Any CPU.ActiveCfg = Release|Any CPU
		{AF362186-36A6-BD9D-FE6D-3C2070D212EF}.Release|Any CPU.Build.0 = Release|Any CPU
		{1D7A338E-6535-0F87-E6BD-18D02D70155B}.Debug|Any CPU.ActiveCfg = Debug|Any CPU
		{1D7A338E-6535-0F87-E6BD-18D02D70155B}.Debug|Any CPU.Build.0 = Debug|Any CPU
		{1D7A338E-6535-0F87-E6BD-18D02D70155B}.Release|Any CPU.ActiveCfg = Release|Any CPU
		{1D7A338E-6535-0F87-E6BD-18D02D70155B}.Release|Any CPU.Build.0 = Release|Any CPU
		{1ECEB1F9-D8D8-C6E3-4CBC-6F0F0CFC83A4}.Debug|Any CPU.ActiveCfg = Debug|Any CPU
		{1ECEB1F9-D8D8-C6E3-4CBC-6F0F0CFC83A4}.Debug|Any CPU.Build.0 = Debug|Any CPU
		{1ECEB1F9-D8D8-C6E3-4CBC-6F0F0CFC83A4}.Release|Any CPU.ActiveCfg = Release|Any CPU
		{1ECEB1F9-D8D8-C6E3-4CBC-6F0F0CFC83A4}.Release|Any CPU.Build.0 = Release|Any CPU
		{74E91F14-6571-0173-FC36-6698954EE3F4}.Debug|Any CPU.ActiveCfg = Debug|Any CPU
		{74E91F14-6571-0173-FC36-6698954EE3F4}.Debug|Any CPU.Build.0 = Debug|Any CPU
		{74E91F14-6571-0173-FC36-6698954EE3F4}.Release|Any CPU.ActiveCfg = Release|Any CPU
		{74E91F14-6571-0173-FC36-6698954EE3F4}.Release|Any CPU.Build.0 = Release|Any CPU
	EndGlobalSection
	GlobalSection(SolutionProperties) = preSolution
		HideSolutionNode = FALSE
	EndGlobalSection
	GlobalSection(NestedProjects) = preSolution
		{945F127F-8832-4819-9FB6-489504D4EAC6} = {02EA681E-C7D8-13C7-8484-4AC65E1B71E8}
		{505DC9D9-62E0-489C-8851-57F2081733A7} = {02EA681E-C7D8-13C7-8484-4AC65E1B71E8}
		{BE0B2FFB-1113-465D-B11C-0592711AA3B7} = {02EA681E-C7D8-13C7-8484-4AC65E1B71E8}
		{B321167B-1099-4810-A07A-1EEA4406B72B} = {F411015A-3078-466E-9EFF-8B328457964F}
		{3C523D0A-C152-481C-93FC-34A41536C9FF} = {F411015A-3078-466E-9EFF-8B328457964F}
		{DDD3CFEF-71FD-4F23-B750-455F17E80091} = {F411015A-3078-466E-9EFF-8B328457964F}
		{7E009198-91B3-904B-5C23-C3B3DFFA6374} = {622575E0-5823-4035-8DC5-DCE643650892}
		{AF362186-36A6-BD9D-FE6D-3C2070D212EF} = {622575E0-5823-4035-8DC5-DCE643650892}
		{1D7A338E-6535-0F87-E6BD-18D02D70155B} = {622575E0-5823-4035-8DC5-DCE643650892}
		{1ECEB1F9-D8D8-C6E3-4CBC-6F0F0CFC83A4} = {622575E0-5823-4035-8DC5-DCE643650892}
		{74E91F14-6571-0173-FC36-6698954EE3F4} = {622575E0-5823-4035-8DC5-DCE643650892}
	EndGlobalSection
	GlobalSection(ExtensibilityGlobals) = postSolution
		SolutionGuid = {4E56E108-29C3-42C2-981F-748FCDA88E4E}
	EndGlobalSection
EndGlobal
